
Microsoft Visual Studio Solution File, Format Version 12.00
# Visual Studio Version 17
VisualStudioVersion = 17.9.34616.47
MinimumVisualStudioVersion = 10.0.40219.1
Project("{9A19103F-16F7-4668-BE54-9A1E7A4F7556}") = "MicroERP.API", "MicroERP.API\MicroERP.API.csproj", "{2DADD8D6-BF80-436F-A152-97924D99CA13}"
EndProject
Project("{9A19103F-16F7-4668-BE54-9A1E7A4F7556}") = "MicroERP.ModelsDB", "MicroERP.ModelsDB\MicroERP.ModelsDB.csproj", "{849949BF-78C3-4E34-9766-B8DCEB9DC0A5}"
EndProject
Project("{E53339B2-1760-4266-BCC7-CA923CBCF16C}") = "docker-compose", "docker-compose.dcproj", "{BA437A51-D972-425D-961C-F59A34D700B3}"
EndProject
Global
	GlobalSection(SolutionConfigurationPlatforms) = preSolution
		Debug|Any CPU = Debug|Any CPU
		Release|Any CPU = Release|Any CPU
	EndGlobalSection
	GlobalSection(ProjectConfigurationPlatforms) = postSolution
		{2DADD8D6-BF80-436F-A152-97924D99CA13}.Debug|Any CPU.ActiveCfg = Debug|Any CPU
		{2DADD8D6-BF80-436F-A152-97924D99CA13}.Debug|Any CPU.Build.0 = Debug|Any CPU
		{2DADD8D6-BF80-436F-A152-97924D99CA13}.Release|Any CPU.ActiveCfg = Release|Any CPU
		{2DADD8D6-BF80-436F-A152-97924D99CA13}.Release|Any CPU.Build.0 = Release|Any CPU
		{849949BF-78C3-4E34-9766-B8DCEB9DC0A5}.Debug|Any CPU.ActiveCfg = Debug|Any CPU
		{849949BF-78C3-4E34-9766-B8DCEB9DC0A5}.Debug|Any CPU.Build.0 = Debug|Any CPU
		{849949BF-78C3-4E34-9766-B8DCEB9DC0A5}.Release|Any CPU.ActiveCfg = Release|Any CPU
		{849949BF-78C3-4E34-9766-B8DCEB9DC0A5}.Release|Any CPU.Build.0 = Release|Any CPU
		{BA437A51-D972-425D-961C-F59A34D700B3}.Debug|Any CPU.ActiveCfg = Debug|Any CPU
		{BA437A51-D972-425D-961C-F59A34D700B3}.Debug|Any CPU.Build.0 = Debug|Any CPU
		{BA437A51-D972-425D-961C-F59A34D700B3}.Release|Any CPU.ActiveCfg = Release|Any CPU
		{BA437A51-D972-425D-961C-F59A34D700B3}.Release|Any CPU.Build.0 = Release|Any CPU
	EndGlobalSection
	GlobalSection(SolutionProperties) = preSolution
		HideSolutionNode = FALSE
	EndGlobalSection
	GlobalSection(ExtensibilityGlobals) = postSolution
		SolutionGuid = {8924DA1E-1C06-4E19-BDD0-B90F0FB1E745}
	EndGlobalSection
EndGlobal
