
Microsoft Visual Studio Solution File, Format Version 12.00
# Visual Studio Version 17
VisualStudioVersion = 17.9.34616.47
MinimumVisualStudioVersion = 10.0.40219.1
Project("{9A19103F-16F7-4668-BE54-9A1E7A4F7556}") = "MicroERP.API", "MicroERP.API.csproj", "{F8ED9E7C-21A5-49FE-B1CF-1D08A63AE4F3}"
EndProject
Project("{9A19103F-16F7-4668-BE54-9A1E7A4F7556}") = "MicroERP.ModelsDB", "..\MicroERP.ModelsDB\MicroERP.ModelsDB.csproj", "{6CFB8184-577E-4568-8A05-E41B8EEFADC7}"
EndProject
Global
	GlobalSection(SolutionConfigurationPlatforms) = preSolution
		Debug|Any CPU = Debug|Any CPU
		Release|Any CPU = Release|Any CPU
	EndGlobalSection
	GlobalSection(ProjectConfigurationPlatforms) = postSolution
		{F8ED9E7C-21A5-49FE-B1CF-1D08A63AE4F3}.Debug|Any CPU.ActiveCfg = Debug|Any CPU
		{F8ED9E7C-21A5-49FE-B1CF-1D08A63AE4F3}.Debug|Any CPU.Build.0 = Debug|Any CPU
		{F8ED9E7C-21A5-49FE-B1CF-1D08A63AE4F3}.Release|Any CPU.ActiveCfg = Release|Any CPU
		{F8ED9E7C-21A5-49FE-B1CF-1D08A63AE4F3}.Release|Any CPU.Build.0 = Release|Any CPU
		{6CFB8184-577E-4568-8A05-E41B8EEFADC7}.Debug|Any CPU.ActiveCfg = Debug|Any CPU
		{6CFB8184-577E-4568-8A05-E41B8EEFADC7}.Debug|Any CPU.Build.0 = Debug|Any CPU
		{6CFB8184-577E-4568-8A05-E41B8EEFADC7}.Release|Any CPU.ActiveCfg = Release|Any CPU
		{6CFB8184-577E-4568-8A05-E41B8EEFADC7}.Release|Any CPU.Build.0 = Release|Any CPU
	EndGlobalSection
	GlobalSection(SolutionProperties) = preSolution
		HideSolutionNode = FALSE
	EndGlobalSection
	GlobalSection(ExtensibilityGlobals) = postSolution
		SolutionGuid = {08932EF9-F219-4302-9B53-0126E602004C}
	EndGlobalSection
EndGlobal
