
Microsoft Visual Studio Solution File, Format Version 12.00
# Visual Studio Version 17
VisualStudioVersion = 17.9.34616.47
MinimumVisualStudioVersion = 10.0.40219.1
Project("{FAE04EC0-301F-11D3-BF4B-00C04F79EFBC}") = "MicroERP.ModelsDB", "MicroERP.ModelsDB.csproj", "{AE3AF628-3A1D-4EB4-93C2-85E1DABE662D}"
EndProject
Global
	GlobalSection(SolutionConfigurationPlatforms) = preSolution
		Debug|Any CPU = Debug|Any CPU
		Release|Any CPU = Release|Any CPU
	EndGlobalSection
	GlobalSection(ProjectConfigurationPlatforms) = postSolution
		{AE3AF628-3A1D-4EB4-93C2-85E1DABE662D}.Debug|Any CPU.ActiveCfg = Debug|Any CPU
		{AE3AF628-3A1D-4EB4-93C2-85E1DABE662D}.Debug|Any CPU.Build.0 = Debug|Any CPU
		{AE3AF628-3A1D-4EB4-93C2-85E1DABE662D}.Release|Any CPU.ActiveCfg = Release|Any CPU
		{AE3AF628-3A1D-4EB4-93C2-85E1DABE662D}.Release|Any CPU.Build.0 = Release|Any CPU
	EndGlobalSection
	GlobalSection(SolutionProperties) = preSolution
		HideSolutionNode = FALSE
	EndGlobalSection
	GlobalSection(ExtensibilityGlobals) = postSolution
		SolutionGuid = {CB9AE636-0C67-4DF7-AE07-65354EED67E0}
	EndGlobalSection
EndGlobal
